
Microsoft Visual Studio Solution File, Format Version 11.00
# Visual C# Express 2010
Project("{FAE04EC0-301F-11D3-BF4B-00C04F79EFBC}") = "RDCNF", "RDCNF.csproj", "{8520434E-7D9E-4428-BCD9-44C5F6A4F9EE}"
EndProject
Global
	GlobalSection(SolutionConfigurationPlatforms) = preSolution
		Debug|Any CPU = Debug|Any CPU
		Release|Any CPU = Release|Any CPU
	EndGlobalSection
	GlobalSection(ProjectConfigurationPlatforms) = postSolution
		{8520434E-7D9E-4428-BCD9-44C5F6A4F9EE}.Debug|Any CPU.ActiveCfg = Debug|Any CPU
		{8520434E-7D9E-4428-BCD9-44C5F6A4F9EE}.Debug|Any CPU.Build.0 = Debug|Any CPU
		{8520434E-7D9E-4428-BCD9-44C5F6A4F9EE}.Release|Any CPU.ActiveCfg = Release|Any CPU
		{8520434E-7D9E-4428-BCD9-44C5F6A4F9EE}.Release|Any CPU.Build.0 = Release|Any CPU
	EndGlobalSection
	GlobalSection(SolutionProperties) = preSolution
		HideSolutionNode = FALSE
	EndGlobalSection
EndGlobal
